
Microsoft Visual Studio Solution File, Format Version 12.00
# Visual Studio Version 17
VisualStudioVersion = 17.3.32819.101
MinimumVisualStudioVersion = 10.0.40219.1
Project("{9A19103F-16F7-4668-BE54-9A1E7A4F7556}") = "TableturfBattleServer", "TableturfBattleServer\TableturfBattleServer.csproj", "{60E18B13-8E94-4E29-9316-4C5FEA019A85}"
EndProject
Global
	GlobalSection(SolutionConfigurationPlatforms) = preSolution
		Debug|Any CPU = Debug|Any CPU
		Release|Any CPU = Release|Any CPU
	EndGlobalSection
	GlobalSection(ProjectConfigurationPlatforms) = postSolution
		{60E18B13-8E94-4E29-9316-4C5FEA019A85}.Debug|Any CPU.ActiveCfg = Debug|Any CPU
		{60E18B13-8E94-4E29-9316-4C5FEA019A85}.Debug|Any CPU.Build.0 = Debug|Any CPU
		{60E18B13-8E94-4E29-9316-4C5FEA019A85}.Release|Any CPU.ActiveCfg = Release|Any CPU
		{60E18B13-8E94-4E29-9316-4C5FEA019A85}.Release|Any CPU.Build.0 = Release|Any CPU
	EndGlobalSection
	GlobalSection(SolutionProperties) = preSolution
		HideSolutionNode = FALSE
	EndGlobalSection
	GlobalSection(ExtensibilityGlobals) = postSolution
		SolutionGuid = {099B14AF-71A1-49B0-8504-F3CD7516414D}
	EndGlobalSection
EndGlobal
